
Microsoft Visual Studio Solution File, Format Version 12.00
# Visual Studio Version 17
VisualStudioVersion = 17.3.32819.101
MinimumVisualStudioVersion = 10.0.40219.1
Project("{2150E333-8FDC-42A3-9474-1A3956D46DE8}") = "1 - UI", "1 - UI", "{C9E86235-B44F-4D86-8BCC-E7E654DBC152}"
EndProject
Project("{2150E333-8FDC-42A3-9474-1A3956D46DE8}") = "2 - Domain", "2 - Domain", "{B4C510E8-A5DA-453B-AFA0-D94508666551}"
EndProject
Project("{2150E333-8FDC-42A3-9474-1A3956D46DE8}") = "3 - Infra", "3 - Infra", "{1FA6219D-B8BF-467F-8CD9-3DA15DE0187D}"
EndProject
Project("{2150E333-8FDC-42A3-9474-1A3956D46DE8}") = "4 - Services", "4 - Services", "{BC0F08A3-6F9C-45FB-8934-C662AEF6394F}"
EndProject
Project("{FAE04EC0-301F-11D3-BF4B-00C04F79EFBC}") = "AppBno.ApplicationCore", "AppBno.ApplicationCore\AppBno.ApplicationCore.csproj", "{A2972DF5-AEEC-421B-B26D-C850F2954600}"
EndProject
Project("{FAE04EC0-301F-11D3-BF4B-00C04F79EFBC}") = "AppBno.Infra", "AppBno.Infra\AppBno.Infra.csproj", "{6287E34C-93F1-4C08-A409-DA41A2FEBFA6}"
EndProject
Project("{FAE04EC0-301F-11D3-BF4B-00C04F79EFBC}") = "AppBno.WebApi", "AppBno.WebApi\AppBno.WebApi.csproj", "{C4342BEE-4F69-4495-8740-E8EABA2A4FBB}"
EndProject
Project("{FAE04EC0-301F-11D3-BF4B-00C04F79EFBC}") = "AppBno.UI.ConsoleApp", "AppBno.UI.ConsoleApp\AppBno.UI.ConsoleApp.csproj", "{FF3C307D-42D2-42BB-8ACE-A4668C176B63}"
EndProject
Global
	GlobalSection(SolutionConfigurationPlatforms) = preSolution
		Debug|Any CPU = Debug|Any CPU
		Release|Any CPU = Release|Any CPU
	EndGlobalSection
	GlobalSection(ProjectConfigurationPlatforms) = postSolution
		{A2972DF5-AEEC-421B-B26D-C850F2954600}.Debug|Any CPU.ActiveCfg = Debug|Any CPU
		{A2972DF5-AEEC-421B-B26D-C850F2954600}.Debug|Any CPU.Build.0 = Debug|Any CPU
		{A2972DF5-AEEC-421B-B26D-C850F2954600}.Release|Any CPU.ActiveCfg = Release|Any CPU
		{A2972DF5-AEEC-421B-B26D-C850F2954600}.Release|Any CPU.Build.0 = Release|Any CPU
		{6287E34C-93F1-4C08-A409-DA41A2FEBFA6}.Debug|Any CPU.ActiveCfg = Debug|Any CPU
		{6287E34C-93F1-4C08-A409-DA41A2FEBFA6}.Debug|Any CPU.Build.0 = Debug|Any CPU
		{6287E34C-93F1-4C08-A409-DA41A2FEBFA6}.Release|Any CPU.ActiveCfg = Release|Any CPU
		{6287E34C-93F1-4C08-A409-DA41A2FEBFA6}.Release|Any CPU.Build.0 = Release|Any CPU
		{C4342BEE-4F69-4495-8740-E8EABA2A4FBB}.Debug|Any CPU.ActiveCfg = Debug|Any CPU
		{C4342BEE-4F69-4495-8740-E8EABA2A4FBB}.Debug|Any CPU.Build.0 = Debug|Any CPU
		{C4342BEE-4F69-4495-8740-E8EABA2A4FBB}.Release|Any CPU.ActiveCfg = Release|Any CPU
		{C4342BEE-4F69-4495-8740-E8EABA2A4FBB}.Release|Any CPU.Build.0 = Release|Any CPU
		{FF3C307D-42D2-42BB-8ACE-A4668C176B63}.Debug|Any CPU.ActiveCfg = Debug|Any CPU
		{FF3C307D-42D2-42BB-8ACE-A4668C176B63}.Debug|Any CPU.Build.0 = Debug|Any CPU
		{FF3C307D-42D2-42BB-8ACE-A4668C176B63}.Release|Any CPU.ActiveCfg = Release|Any CPU
		{FF3C307D-42D2-42BB-8ACE-A4668C176B63}.Release|Any CPU.Build.0 = Release|Any CPU
	EndGlobalSection
	GlobalSection(SolutionProperties) = preSolution
		HideSolutionNode = FALSE
	EndGlobalSection
	GlobalSection(NestedProjects) = preSolution
		{A2972DF5-AEEC-421B-B26D-C850F2954600} = {B4C510E8-A5DA-453B-AFA0-D94508666551}
		{6287E34C-93F1-4C08-A409-DA41A2FEBFA6} = {1FA6219D-B8BF-467F-8CD9-3DA15DE0187D}
		{C4342BEE-4F69-4495-8740-E8EABA2A4FBB} = {BC0F08A3-6F9C-45FB-8934-C662AEF6394F}
		{FF3C307D-42D2-42BB-8ACE-A4668C176B63} = {C9E86235-B44F-4D86-8BCC-E7E654DBC152}
	EndGlobalSection
	GlobalSection(ExtensibilityGlobals) = postSolution
		SolutionGuid = {ED9BC30F-E2F1-4FC5-9D4D-82C0CBE93051}
	EndGlobalSection
EndGlobal
